
Microsoft Visual Studio Solution File, Format Version 12.00
# Visual Studio Version 17
VisualStudioVersion = 17.5.33516.290
MinimumVisualStudioVersion = 10.0.40219.1
Project("{FAE04EC0-301F-11D3-BF4B-00C04F79EFBC}") = "Dictionaries_Introduction_2May2023", "Dictionaries_Introduction_2May2023\Dictionaries_Introduction_2May2023.csproj", "{F51E737C-2077-480D-9774-340AF000B026}"
EndProject
Global
	GlobalSection(SolutionConfigurationPlatforms) = preSolution
		Debug|Any CPU = Debug|Any CPU
		Release|Any CPU = Release|Any CPU
	EndGlobalSection
	GlobalSection(ProjectConfigurationPlatforms) = postSolution
		{F51E737C-2077-480D-9774-340AF000B026}.Debug|Any CPU.ActiveCfg = Debug|Any CPU
		{F51E737C-2077-480D-9774-340AF000B026}.Debug|Any CPU.Build.0 = Debug|Any CPU
		{F51E737C-2077-480D-9774-340AF000B026}.Release|Any CPU.ActiveCfg = Release|Any CPU
		{F51E737C-2077-480D-9774-340AF000B026}.Release|Any CPU.Build.0 = Release|Any CPU
	EndGlobalSection
	GlobalSection(SolutionProperties) = preSolution
		HideSolutionNode = FALSE
	EndGlobalSection
	GlobalSection(ExtensibilityGlobals) = postSolution
		SolutionGuid = {B74FADC4-F6F3-4ECB-82BE-4C11071CCF96}
	EndGlobalSection
EndGlobal
